
Microsoft Visual Studio Solution File, Format Version 12.00
# Visual Studio Version 16
VisualStudioVersion = 16.0.30413.136
MinimumVisualStudioVersion = 10.0.40219.1
Project("{FAE04EC0-301F-11D3-BF4B-00C04F79EFBC}") = "ApiReactProject", "ApiReactProject\ApiReactProject.csproj", "{14F43EA5-1249-40CF-A6E1-5C2AE6799982}"
EndProject
Global
	GlobalSection(SolutionConfigurationPlatforms) = preSolution
		Debug|Any CPU = Debug|Any CPU
		Release|Any CPU = Release|Any CPU
	EndGlobalSection
	GlobalSection(ProjectConfigurationPlatforms) = postSolution
		{14F43EA5-1249-40CF-A6E1-5C2AE6799982}.Debug|Any CPU.ActiveCfg = Debug|Any CPU
		{14F43EA5-1249-40CF-A6E1-5C2AE6799982}.Debug|Any CPU.Build.0 = Debug|Any CPU
		{14F43EA5-1249-40CF-A6E1-5C2AE6799982}.Release|Any CPU.ActiveCfg = Release|Any CPU
		{14F43EA5-1249-40CF-A6E1-5C2AE6799982}.Release|Any CPU.Build.0 = Release|Any CPU
	EndGlobalSection
	GlobalSection(SolutionProperties) = preSolution
		HideSolutionNode = FALSE
	EndGlobalSection
	GlobalSection(ExtensibilityGlobals) = postSolution
		SolutionGuid = {95A6B067-968A-4284-AD70-84A50B59DB4C}
	EndGlobalSection
EndGlobal
